
Microsoft Visual Studio Solution File, Format Version 12.00
# Visual Studio Version 17
VisualStudioVersion = 17.0.31903.59
MinimumVisualStudioVersion = 10.0.40219.1
Project("{FAE04EC0-301F-11D3-BF4B-00C04F79EFBC}") = "income-tracker", "income-tracker\income-tracker.csproj", "{6584DB41-4FAF-4001-AB39-5C0AF0A85AEB}"
EndProject
Global
	GlobalSection(SolutionConfigurationPlatforms) = preSolution
		Debug|Any CPU = Debug|Any CPU
		Release|Any CPU = Release|Any CPU
	EndGlobalSection
	GlobalSection(SolutionProperties) = preSolution
		HideSolutionNode = FALSE
	EndGlobalSection
	GlobalSection(ProjectConfigurationPlatforms) = postSolution
		{6584DB41-4FAF-4001-AB39-5C0AF0A85AEB}.Debug|Any CPU.ActiveCfg = Debug|Any CPU
		{6584DB41-4FAF-4001-AB39-5C0AF0A85AEB}.Debug|Any CPU.Build.0 = Debug|Any CPU
		{6584DB41-4FAF-4001-AB39-5C0AF0A85AEB}.Release|Any CPU.ActiveCfg = Release|Any CPU
		{6584DB41-4FAF-4001-AB39-5C0AF0A85AEB}.Release|Any CPU.Build.0 = Release|Any CPU
	EndGlobalSection
EndGlobal
